// !$*UTF8*$!
{
	archiveVersion = 1;
	classes = {
	};
	objectVersion = 46;
	objects = {

/* Begin PBXBuildFile section */
		47D91797234CEE3E009DD7B1 /* Encodable+Serialization.swift in Sources */ = {isa = PBXBuildFile; fileRef = 47D91796234CEE3E009DD7B1 /* Encodable+Serialization.swift */; };
		47D91799234CEF0A009DD7B1 /* UUIDEncodable.swift in Sources */ = {isa = PBXBuildFile; fileRef = 47D91798234CEF0A009DD7B1 /* UUIDEncodable.swift */; };
		47D9179B234CEF46009DD7B1 /* Encoder+UUIDContainer.swift in Sources */ = {isa = PBXBuildFile; fileRef = 47D9179A234CEF46009DD7B1 /* Encoder+UUIDContainer.swift */; };
		47D9179D234CEFA4009DD7B1 /* KeyedEncodingContainer+EncodeUUIDEncodable.swift in Sources */ = {isa = PBXBuildFile; fileRef = 47D9179C234CEFA4009DD7B1 /* KeyedEncodingContainer+EncodeUUIDEncodable.swift */; };
		47D917A0234CF070009DD7B1 /* GraphCycleDetector.swift in Sources */ = {isa = PBXBuildFile; fileRef = 47D9179F234CF070009DD7B1 /* GraphCycleDetector.swift */; };
		47D917A2234CF0CF009DD7B1 /* Bool+Toggle.swift in Sources */ = {isa = PBXBuildFile; fileRef = 47D917A1234CF0CF009DD7B1 /* Bool+Toggle.swift */; };
		47D917A4234CF7AF009DD7B1 /* data_fp_modified.json in Resources */ = {isa = PBXBuildFile; fileRef = 47D917A3234CF7AF009DD7B1 /* data_fp_modified.json */; };
		728294331D8752A1009EB19A /* AppDelegate.swift in Sources */ = {isa = PBXBuildFile; fileRef = 728294321D8752A1009EB19A /* AppDelegate.swift */; };
		728294351D8752A1009EB19A /* ViewController.swift in Sources */ = {isa = PBXBuildFile; fileRef = 728294341D8752A1009EB19A /* ViewController.swift */; };
		728294381D8752A1009EB19A /* Main.storyboard in Resources */ = {isa = PBXBuildFile; fileRef = 728294361D8752A1009EB19A /* Main.storyboard */; };
		7282943B1D8752A1009EB19A /* CoreDataSerialize.xcdatamodeld in Sources */ = {isa = PBXBuildFile; fileRef = 728294391D8752A1009EB19A /* CoreDataSerialize.xcdatamodeld */; };
		7282943D1D8752A1009EB19A /* Assets.xcassets in Resources */ = {isa = PBXBuildFile; fileRef = 7282943C1D8752A1009EB19A /* Assets.xcassets */; };
		728294401D8752A1009EB19A /* LaunchScreen.storyboard in Resources */ = {isa = PBXBuildFile; fileRef = 7282943E1D8752A1009EB19A /* LaunchScreen.storyboard */; };
		7282944B1D8752A2009EB19A /* CoreDataSerializeTests.swift in Sources */ = {isa = PBXBuildFile; fileRef = 7282944A1D8752A2009EB19A /* CoreDataSerializeTests.swift */; };
		728294601D8755B0009EB19A /* Table+CoreDataProperties.swift in Sources */ = {isa = PBXBuildFile; fileRef = 728294561D8755B0009EB19A /* Table+CoreDataProperties.swift */; };
		728294611D8755B0009EB19A /* Table.swift in Sources */ = {isa = PBXBuildFile; fileRef = 728294571D8755B0009EB19A /* Table.swift */; };
		728294621D8755B0009EB19A /* BillItem+CoreDataProperties.swift in Sources */ = {isa = PBXBuildFile; fileRef = 728294581D8755B0009EB19A /* BillItem+CoreDataProperties.swift */; };
		728294631D8755B0009EB19A /* BillItem.swift in Sources */ = {isa = PBXBuildFile; fileRef = 728294591D8755B0009EB19A /* BillItem.swift */; };
		728294641D8755B0009EB19A /* Floor+CoreDataProperties.swift in Sources */ = {isa = PBXBuildFile; fileRef = 7282945A1D8755B0009EB19A /* Floor+CoreDataProperties.swift */; };
		728294651D8755B0009EB19A /* Floor.swift in Sources */ = {isa = PBXBuildFile; fileRef = 7282945B1D8755B0009EB19A /* Floor.swift */; };
		728294661D8755B0009EB19A /* Bill+CoreDataProperties.swift in Sources */ = {isa = PBXBuildFile; fileRef = 7282945C1D8755B0009EB19A /* Bill+CoreDataProperties.swift */; };
		728294671D8755B0009EB19A /* Bill.swift in Sources */ = {isa = PBXBuildFile; fileRef = 7282945D1D8755B0009EB19A /* Bill.swift */; };
		728294681D8755B0009EB19A /* Party+CoreDataProperties.swift in Sources */ = {isa = PBXBuildFile; fileRef = 7282945E1D8755B0009EB19A /* Party+CoreDataProperties.swift */; };
		728294691D8755B0009EB19A /* Party.swift in Sources */ = {isa = PBXBuildFile; fileRef = 7282945F1D8755B0009EB19A /* Party.swift */; };
		7282946E1D8764B1009EB19A /* SampleDatabase.sqlite in Resources */ = {isa = PBXBuildFile; fileRef = 7282946D1D8764AB009EB19A /* SampleDatabase.sqlite */; };
		728294701D885938009EB19A /* NSManagedObject+Serialize.swift in Sources */ = {isa = PBXBuildFile; fileRef = 7282946F1D885938009EB19A /* NSManagedObject+Serialize.swift */; };
		728294721D886041009EB19A /* data.json in Resources */ = {isa = PBXBuildFile; fileRef = 728294711D886041009EB19A /* data.json */; };
/* End PBXBuildFile section */

/* Begin PBXContainerItemProxy section */
		728294471D8752A2009EB19A /* PBXContainerItemProxy */ = {
			isa = PBXContainerItemProxy;
			containerPortal = 728294271D8752A1009EB19A /* Project object */;
			proxyType = 1;
			remoteGlobalIDString = 7282942E1D8752A1009EB19A;
			remoteInfo = CoreDataSerialize;
		};
/* End PBXContainerItemProxy section */

/* Begin PBXFileReference section */
		47D91796234CEE3E009DD7B1 /* Encodable+Serialization.swift */ = {isa = PBXFileReference; lastKnownFileType = sourcecode.swift; path = "Encodable+Serialization.swift"; sourceTree = "<group>"; };
		47D91798234CEF0A009DD7B1 /* UUIDEncodable.swift */ = {isa = PBXFileReference; lastKnownFileType = sourcecode.swift; path = UUIDEncodable.swift; sourceTree = "<group>"; };
		47D9179A234CEF46009DD7B1 /* Encoder+UUIDContainer.swift */ = {isa = PBXFileReference; lastKnownFileType = sourcecode.swift; path = "Encoder+UUIDContainer.swift"; sourceTree = "<group>"; };
		47D9179C234CEFA4009DD7B1 /* KeyedEncodingContainer+EncodeUUIDEncodable.swift */ = {isa = PBXFileReference; lastKnownFileType = sourcecode.swift; path = "KeyedEncodingContainer+EncodeUUIDEncodable.swift"; sourceTree = "<group>"; };
		47D9179F234CF070009DD7B1 /* GraphCycleDetector.swift */ = {isa = PBXFileReference; lastKnownFileType = sourcecode.swift; path = GraphCycleDetector.swift; sourceTree = "<group>"; };
		47D917A1234CF0CF009DD7B1 /* Bool+Toggle.swift */ = {isa = PBXFileReference; lastKnownFileType = sourcecode.swift; path = "Bool+Toggle.swift"; sourceTree = "<group>"; };
		47D917A3234CF7AF009DD7B1 /* data_fp_modified.json */ = {isa = PBXFileReference; lastKnownFileType = text.json; lineEnding = 0; path = data_fp_modified.json; sourceTree = "<group>"; };
		7282942F1D8752A1009EB19A /* CoreDataSerialize.app */ = {isa = PBXFileReference; explicitFileType = wrapper.application; includeInIndex = 0; path = CoreDataSerialize.app; sourceTree = BUILT_PRODUCTS_DIR; };
		728294321D8752A1009EB19A /* AppDelegate.swift */ = {isa = PBXFileReference; lastKnownFileType = sourcecode.swift; path = AppDelegate.swift; sourceTree = "<group>"; };
		728294341D8752A1009EB19A /* ViewController.swift */ = {isa = PBXFileReference; lastKnownFileType = sourcecode.swift; path = ViewController.swift; sourceTree = "<group>"; };
		728294371D8752A1009EB19A /* Base */ = {isa = PBXFileReference; lastKnownFileType = file.storyboard; name = Base; path = Base.lproj/Main.storyboard; sourceTree = "<group>"; };
		7282943A1D8752A1009EB19A /* CoreDataSerialize.xcdatamodel */ = {isa = PBXFileReference; lastKnownFileType = wrapper.xcdatamodel; path = CoreDataSerialize.xcdatamodel; sourceTree = "<group>"; };
		7282943C1D8752A1009EB19A /* Assets.xcassets */ = {isa = PBXFileReference; lastKnownFileType = folder.assetcatalog; path = Assets.xcassets; sourceTree = "<group>"; };
		7282943F1D8752A1009EB19A /* Base */ = {isa = PBXFileReference; lastKnownFileType = file.storyboard; name = Base; path = Base.lproj/LaunchScreen.storyboard; sourceTree = "<group>"; };
		728294411D8752A1009EB19A /* Info.plist */ = {isa = PBXFileReference; lastKnownFileType = text.plist.xml; path = Info.plist; sourceTree = "<group>"; };
		728294461D8752A2009EB19A /* CoreDataSerializeTests.xctest */ = {isa = PBXFileReference; explicitFileType = wrapper.cfbundle; includeInIndex = 0; path = CoreDataSerializeTests.xctest; sourceTree = BUILT_PRODUCTS_DIR; };
		7282944A1D8752A2009EB19A /* CoreDataSerializeTests.swift */ = {isa = PBXFileReference; lastKnownFileType = sourcecode.swift; path = CoreDataSerializeTests.swift; sourceTree = "<group>"; };
		7282944C1D8752A2009EB19A /* Info.plist */ = {isa = PBXFileReference; lastKnownFileType = text.plist.xml; path = Info.plist; sourceTree = "<group>"; };
		728294561D8755B0009EB19A /* Table+CoreDataProperties.swift */ = {isa = PBXFileReference; fileEncoding = 4; lastKnownFileType = sourcecode.swift; path = "Table+CoreDataProperties.swift"; sourceTree = "<group>"; };
		728294571D8755B0009EB19A /* Table.swift */ = {isa = PBXFileReference; fileEncoding = 4; lastKnownFileType = sourcecode.swift; path = Table.swift; sourceTree = "<group>"; };
		728294581D8755B0009EB19A /* BillItem+CoreDataProperties.swift */ = {isa = PBXFileReference; fileEncoding = 4; lastKnownFileType = sourcecode.swift; path = "BillItem+CoreDataProperties.swift"; sourceTree = "<group>"; };
		728294591D8755B0009EB19A /* BillItem.swift */ = {isa = PBXFileReference; fileEncoding = 4; lastKnownFileType = sourcecode.swift; path = BillItem.swift; sourceTree = "<group>"; };
		7282945A1D8755B0009EB19A /* Floor+CoreDataProperties.swift */ = {isa = PBXFileReference; fileEncoding = 4; lastKnownFileType = sourcecode.swift; path = "Floor+CoreDataProperties.swift"; sourceTree = "<group>"; };
		7282945B1D8755B0009EB19A /* Floor.swift */ = {isa = PBXFileReference; fileEncoding = 4; lastKnownFileType = sourcecode.swift; path = Floor.swift; sourceTree = "<group>"; };
		7282945C1D8755B0009EB19A /* Bill+CoreDataProperties.swift */ = {isa = PBXFileReference; fileEncoding = 4; lastKnownFileType = sourcecode.swift; path = "Bill+CoreDataProperties.swift"; sourceTree = "<group>"; };
		7282945D1D8755B0009EB19A /* Bill.swift */ = {isa = PBXFileReference; fileEncoding = 4; lastKnownFileType = sourcecode.swift; path = Bill.swift; sourceTree = "<group>"; };
		7282945E1D8755B0009EB19A /* Party+CoreDataProperties.swift */ = {isa = PBXFileReference; fileEncoding = 4; lastKnownFileType = sourcecode.swift; path = "Party+CoreDataProperties.swift"; sourceTree = "<group>"; };
		7282945F1D8755B0009EB19A /* Party.swift */ = {isa = PBXFileReference; fileEncoding = 4; lastKnownFileType = sourcecode.swift; path = Party.swift; sourceTree = "<group>"; };
		7282946D1D8764AB009EB19A /* SampleDatabase.sqlite */ = {isa = PBXFileReference; lastKnownFileType = file; path = SampleDatabase.sqlite; sourceTree = "<group>"; };
		7282946F1D885938009EB19A /* NSManagedObject+Serialize.swift */ = {isa = PBXFileReference; fileEncoding = 4; lastKnownFileType = sourcecode.swift; path = "NSManagedObject+Serialize.swift"; sourceTree = "<group>"; };
		728294711D886041009EB19A /* data.json */ = {isa = PBXFileReference; fileEncoding = 4; lastKnownFileType = text.json; path = data.json; sourceTree = "<group>"; };
/* End PBXFileReference section */

/* Begin PBXFrameworksBuildPhase section */
		7282942C1D8752A1009EB19A /* Frameworks */ = {
			isa = PBXFrameworksBuildPhase;
			buildActionMask = 2147483647;
			files = (
			);
			runOnlyForDeploymentPostprocessing = 0;
		};
		728294431D8752A2009EB19A /* Frameworks */ = {
			isa = PBXFrameworksBuildPhase;
			buildActionMask = 2147483647;
			files = (
			);
			runOnlyForDeploymentPostprocessing = 0;
		};
/* End PBXFrameworksBuildPhase section */

/* Begin PBXGroup section */
		47D91795234CEDF8009DD7B1 /* Encode */ = {
			isa = PBXGroup;
			children = (
				47D91796234CEE3E009DD7B1 /* Encodable+Serialization.swift */,
				47D91798234CEF0A009DD7B1 /* UUIDEncodable.swift */,
				47D9179A234CEF46009DD7B1 /* Encoder+UUIDContainer.swift */,
				47D9179C234CEFA4009DD7B1 /* KeyedEncodingContainer+EncodeUUIDEncodable.swift */,
			);
			path = Encode;
			sourceTree = "<group>";
		};
		47D9179E234CF050009DD7B1 /* GraphCycleDetector */ = {
			isa = PBXGroup;
			children = (
				47D9179F234CF070009DD7B1 /* GraphCycleDetector.swift */,
				47D917A1234CF0CF009DD7B1 /* Bool+Toggle.swift */,
			);
			path = GraphCycleDetector;
			sourceTree = "<group>";
		};
		728294261D8752A1009EB19A = {
			isa = PBXGroup;
			children = (
				728294311D8752A1009EB19A /* CoreDataSerialize */,
				728294491D8752A2009EB19A /* CoreDataSerializeTests */,
				728294301D8752A1009EB19A /* Products */,
			);
			sourceTree = "<group>";
		};
		728294301D8752A1009EB19A /* Products */ = {
			isa = PBXGroup;
			children = (
				7282942F1D8752A1009EB19A /* CoreDataSerialize.app */,
				728294461D8752A2009EB19A /* CoreDataSerializeTests.xctest */,
			);
			name = Products;
			sourceTree = "<group>";
		};
		728294311D8752A1009EB19A /* CoreDataSerialize */ = {
			isa = PBXGroup;
			children = (
				47D9179E234CF050009DD7B1 /* GraphCycleDetector */,
				47D91795234CEDF8009DD7B1 /* Encode */,
				7282946F1D885938009EB19A /* NSManagedObject+Serialize.swift */,
				728294321D8752A1009EB19A /* AppDelegate.swift */,
				728294341D8752A1009EB19A /* ViewController.swift */,
				728294391D8752A1009EB19A /* CoreDataSerialize.xcdatamodeld */,
				728294551D87558C009EB19A /* Managed Objects */,
				7282946A1D8757F0009EB19A /* Resources */,
			);
			path = CoreDataSerialize;
			sourceTree = "<group>";
		};
		728294491D8752A2009EB19A /* CoreDataSerializeTests */ = {
			isa = PBXGroup;
			children = (
				7282944A1D8752A2009EB19A /* CoreDataSerializeTests.swift */,
				7282944C1D8752A2009EB19A /* Info.plist */,
			);
			path = CoreDataSerializeTests;
			sourceTree = "<group>";
		};
		728294551D87558C009EB19A /* Managed Objects */ = {
			isa = PBXGroup;
			children = (
				728294561D8755B0009EB19A /* Table+CoreDataProperties.swift */,
				728294571D8755B0009EB19A /* Table.swift */,
				728294581D8755B0009EB19A /* BillItem+CoreDataProperties.swift */,
				728294591D8755B0009EB19A /* BillItem.swift */,
				7282945A1D8755B0009EB19A /* Floor+CoreDataProperties.swift */,
				7282945B1D8755B0009EB19A /* Floor.swift */,
				7282945C1D8755B0009EB19A /* Bill+CoreDataProperties.swift */,
				7282945D1D8755B0009EB19A /* Bill.swift */,
				7282945E1D8755B0009EB19A /* Party+CoreDataProperties.swift */,
				7282945F1D8755B0009EB19A /* Party.swift */,
			);
			name = "Managed Objects";
			sourceTree = "<group>";
		};
		7282946A1D8757F0009EB19A /* Resources */ = {
			isa = PBXGroup;
			children = (
				728294711D886041009EB19A /* data.json */,
				7282946D1D8764AB009EB19A /* SampleDatabase.sqlite */,
				728294361D8752A1009EB19A /* Main.storyboard */,
				7282943C1D8752A1009EB19A /* Assets.xcassets */,
				7282943E1D8752A1009EB19A /* LaunchScreen.storyboard */,
				728294411D8752A1009EB19A /* Info.plist */,
				47D917A3234CF7AF009DD7B1 /* data_fp_modified.json */,
			);
			name = Resources;
			sourceTree = "<group>";
		};
/* End PBXGroup section */

/* Begin PBXNativeTarget section */
		7282942E1D8752A1009EB19A /* CoreDataSerialize */ = {
			isa = PBXNativeTarget;
			buildConfigurationList = 7282944F1D8752A2009EB19A /* Build configuration list for PBXNativeTarget "CoreDataSerialize" */;
			buildPhases = (
				7282942B1D8752A1009EB19A /* Sources */,
				7282942C1D8752A1009EB19A /* Frameworks */,
				7282942D1D8752A1009EB19A /* Resources */,
			);
			buildRules = (
			);
			dependencies = (
			);
			name = CoreDataSerialize;
			productName = CoreDataSerialize;
			productReference = 7282942F1D8752A1009EB19A /* CoreDataSerialize.app */;
			productType = "com.apple.product-type.application";
		};
		728294451D8752A2009EB19A /* CoreDataSerializeTests */ = {
			isa = PBXNativeTarget;
			buildConfigurationList = 728294521D8752A2009EB19A /* Build configuration list for PBXNativeTarget "CoreDataSerializeTests" */;
			buildPhases = (
				728294421D8752A2009EB19A /* Sources */,
				728294431D8752A2009EB19A /* Frameworks */,
				728294441D8752A2009EB19A /* Resources */,
			);
			buildRules = (
			);
			dependencies = (
				728294481D8752A2009EB19A /* PBXTargetDependency */,
			);
			name = CoreDataSerializeTests;
			productName = CoreDataSerializeTests;
			productReference = 728294461D8752A2009EB19A /* CoreDataSerializeTests.xctest */;
			productType = "com.apple.product-type.bundle.unit-test";
		};
/* End PBXNativeTarget section */

/* Begin PBXProject section */
		728294271D8752A1009EB19A /* Project object */ = {
			isa = PBXProject;
			attributes = {
				LastSwiftUpdateCheck = 0730;
				LastUpgradeCheck = 0900;
				TargetAttributes = {
					7282942E1D8752A1009EB19A = {
						CreatedOnToolsVersion = 7.3.1;
					};
					728294451D8752A2009EB19A = {
						CreatedOnToolsVersion = 7.3.1;
						TestTargetID = 7282942E1D8752A1009EB19A;
					};
				};
			};
			buildConfigurationList = 7282942A1D8752A1009EB19A /* Build configuration list for PBXProject "CoreDataSerialize" */;
			compatibilityVersion = "Xcode 3.2";
			developmentRegion = English;
			hasScannedForEncodings = 0;
			knownRegions = (
				English,
				en,
				Base,
			);
			mainGroup = 728294261D8752A1009EB19A;
			productRefGroup = 728294301D8752A1009EB19A /* Products */;
			projectDirPath = "";
			projectRoot = "";
			targets = (
				7282942E1D8752A1009EB19A /* CoreDataSerialize */,
				728294451D8752A2009EB19A /* CoreDataSerializeTests */,
			);
		};
/* End PBXProject section */

/* Begin PBXResourcesBuildPhase section */
		7282942D1D8752A1009EB19A /* Resources */ = {
			isa = PBXResourcesBuildPhase;
			buildActionMask = 2147483647;
			files = (
				7282946E1D8764B1009EB19A /* SampleDatabase.sqlite in Resources */,
				728294401D8752A1009EB19A /* LaunchScreen.storyboard in Resources */,
				7282943D1D8752A1009EB19A /* Assets.xcassets in Resources */,
				728294721D886041009EB19A /* data.json in Resources */,
				47D917A4234CF7AF009DD7B1 /* data_fp_modified.json in Resources */,
				728294381D8752A1009EB19A /* Main.storyboard in Resources */,
			);
			runOnlyForDeploymentPostprocessing = 0;
		};
		728294441D8752A2009EB19A /* Resources */ = {
			isa = PBXResourcesBuildPhase;
			buildActionMask = 2147483647;
			files = (
			);
			runOnlyForDeploymentPostprocessing = 0;
		};
/* End PBXResourcesBuildPhase section */

/* Begin PBXSourcesBuildPhase section */
		7282942B1D8752A1009EB19A /* Sources */ = {
			isa = PBXSourcesBuildPhase;
			buildActionMask = 2147483647;
			files = (
				47D9179D234CEFA4009DD7B1 /* KeyedEncodingContainer+EncodeUUIDEncodable.swift in Sources */,
				728294651D8755B0009EB19A /* Floor.swift in Sources */,
				728294671D8755B0009EB19A /* Bill.swift in Sources */,
				47D91799234CEF0A009DD7B1 /* UUIDEncodable.swift in Sources */,
				728294601D8755B0009EB19A /* Table+CoreDataProperties.swift in Sources */,
				47D9179B234CEF46009DD7B1 /* Encoder+UUIDContainer.swift in Sources */,
				728294611D8755B0009EB19A /* Table.swift in Sources */,
				728294351D8752A1009EB19A /* ViewController.swift in Sources */,
				728294631D8755B0009EB19A /* BillItem.swift in Sources */,
				728294621D8755B0009EB19A /* BillItem+CoreDataProperties.swift in Sources */,
				728294661D8755B0009EB19A /* Bill+CoreDataProperties.swift in Sources */,
				728294681D8755B0009EB19A /* Party+CoreDataProperties.swift in Sources */,
				7282943B1D8752A1009EB19A /* CoreDataSerialize.xcdatamodeld in Sources */,
				47D917A2234CF0CF009DD7B1 /* Bool+Toggle.swift in Sources */,
				728294701D885938009EB19A /* NSManagedObject+Serialize.swift in Sources */,
				728294691D8755B0009EB19A /* Party.swift in Sources */,
				47D91797234CEE3E009DD7B1 /* Encodable+Serialization.swift in Sources */,
				728294641D8755B0009EB19A /* Floor+CoreDataProperties.swift in Sources */,
				728294331D8752A1009EB19A /* AppDelegate.swift in Sources */,
				47D917A0234CF070009DD7B1 /* GraphCycleDetector.swift in Sources */,
			);
			runOnlyForDeploymentPostprocessing = 0;
		};
		728294421D8752A2009EB19A /* Sources */ = {
			isa = PBXSourcesBuildPhase;
			buildActionMask = 2147483647;
			files = (
				7282944B1D8752A2009EB19A /* CoreDataSerializeTests.swift in Sources */,
			);
			runOnlyForDeploymentPostprocessing = 0;
		};
/* End PBXSourcesBuildPhase section */

/* Begin PBXTargetDependency section */
		728294481D8752A2009EB19A /* PBXTargetDependency */ = {
			isa = PBXTargetDependency;
			target = 7282942E1D8752A1009EB19A /* CoreDataSerialize */;
			targetProxy = 728294471D8752A2009EB19A /* PBXContainerItemProxy */;
		};
/* End PBXTargetDependency section */

/* Begin PBXVariantGroup section */
		728294361D8752A1009EB19A /* Main.storyboard */ = {
			isa = PBXVariantGroup;
			children = (
				728294371D8752A1009EB19A /* Base */,
			);
			name = Main.storyboard;
			sourceTree = "<group>";
		};
		7282943E1D8752A1009EB19A /* LaunchScreen.storyboard */ = {
			isa = PBXVariantGroup;
			children = (
				7282943F1D8752A1009EB19A /* Base */,
			);
			name = LaunchScreen.storyboard;
			sourceTree = "<group>";
		};
/* End PBXVariantGroup section */

/* Begin XCBuildConfiguration section */
		7282944D1D8752A2009EB19A /* Debug */ = {
			isa = XCBuildConfiguration;
			buildSettings = {
				ALWAYS_SEARCH_USER_PATHS = NO;
				CLANG_ANALYZER_NONNULL = YES;
				CLANG_CXX_LANGUAGE_STANDARD = "gnu++0x";
				CLANG_CXX_LIBRARY = "libc++";
				CLANG_ENABLE_MODULES = YES;
				CLANG_ENABLE_OBJC_ARC = YES;
				CLANG_WARN_BLOCK_CAPTURE_AUTORELEASING = YES;
				CLANG_WARN_BOOL_CONVERSION = YES;
				CLANG_WARN_COMMA = YES;
				CLANG_WARN_CONSTANT_CONVERSION = YES;
				CLANG_WARN_DIRECT_OBJC_ISA_USAGE = YES_ERROR;
				CLANG_WARN_EMPTY_BODY = YES;
				CLANG_WARN_ENUM_CONVERSION = YES;
				CLANG_WARN_INFINITE_RECURSION = YES;
				CLANG_WARN_INT_CONVERSION = YES;
				CLANG_WARN_NON_LITERAL_NULL_CONVERSION = YES;
				CLANG_WARN_OBJC_LITERAL_CONVERSION = YES;
				CLANG_WARN_OBJC_ROOT_CLASS = YES_ERROR;
				CLANG_WARN_RANGE_LOOP_ANALYSIS = YES;
				CLANG_WARN_STRICT_PROTOTYPES = YES;
				CLANG_WARN_SUSPICIOUS_MOVE = YES;
				CLANG_WARN_UNREACHABLE_CODE = YES;
				CLANG_WARN__DUPLICATE_METHOD_MATCH = YES;
				"CODE_SIGN_IDENTITY[sdk=iphoneos*]" = "iPhone Developer";
				COPY_PHASE_STRIP = NO;
				DEBUG_INFORMATION_FORMAT = dwarf;
				ENABLE_STRICT_OBJC_MSGSEND = YES;
				ENABLE_TESTABILITY = YES;
				GCC_C_LANGUAGE_STANDARD = gnu99;
				GCC_DYNAMIC_NO_PIC = NO;
				GCC_NO_COMMON_BLOCKS = YES;
				GCC_OPTIMIZATION_LEVEL = 0;
				GCC_PREPROCESSOR_DEFINITIONS = (
					"DEBUG=1",
					"$(inherited)",
				);
				GCC_WARN_64_TO_32_BIT_CONVERSION = YES;
				GCC_WARN_ABOUT_RETURN_TYPE = YES_ERROR;
				GCC_WARN_UNDECLARED_SELECTOR = YES;
				GCC_WARN_UNINITIALIZED_AUTOS = YES_AGGRESSIVE;
				GCC_WARN_UNUSED_FUNCTION = YES;
				GCC_WARN_UNUSED_VARIABLE = YES;
				IPHONEOS_DEPLOYMENT_TARGET = 11.0;
				MTL_ENABLE_DEBUG_INFO = YES;
				ONLY_ACTIVE_ARCH = YES;
				SDKROOT = iphoneos;
				SWIFT_OPTIMIZATION_LEVEL = "-Onone";
				SWIFT_VERSION = 4.0;
				TARGETED_DEVICE_FAMILY = "1,2";
			};
			name = Debug;
		};
		7282944E1D8752A2009EB19A /* Release */ = {
			isa = XCBuildConfiguration;
			buildSettings = {
				ALWAYS_SEARCH_USER_PATHS = NO;
				CLANG_ANALYZER_NONNULL = YES;
				CLANG_CXX_LANGUAGE_STANDARD = "gnu++0x";
				CLANG_CXX_LIBRARY = "libc++";
				CLANG_ENABLE_MODULES = YES;
				CLANG_ENABLE_OBJC_ARC = YES;
				CLANG_WARN_BLOCK_CAPTURE_AUTORELEASING = YES;
				CLANG_WARN_BOOL_CONVERSION = YES;
				CLANG_WARN_COMMA = YES;
				CLANG_WARN_CONSTANT_CONVERSION = YES;
				CLANG_WARN_DIRECT_OBJC_ISA_USAGE = YES_ERROR;
				CLANG_WARN_EMPTY_BODY = YES;
				CLANG_WARN_ENUM_CONVERSION = YES;
				CLANG_WARN_INFINITE_RECURSION = YES;
				CLANG_WARN_INT_CONVERSION = YES;
				CLANG_WARN_NON_LITERAL_NULL_CONVERSION = YES;
				CLANG_WARN_OBJC_LITERAL_CONVERSION = YES;
				CLANG_WARN_OBJC_ROOT_CLASS = YES_ERROR;
				CLANG_WARN_RANGE_LOOP_ANALYSIS = YES;
				CLANG_WARN_STRICT_PROTOTYPES = YES;
				CLANG_WARN_SUSPICIOUS_MOVE = YES;
				CLANG_WARN_UNREACHABLE_CODE = YES;
				CLANG_WARN__DUPLICATE_METHOD_MATCH = YES;
				"CODE_SIGN_IDENTITY[sdk=iphoneos*]" = "iPhone Developer";
				COPY_PHASE_STRIP = NO;
				DEBUG_INFORMATION_FORMAT = "dwarf-with-dsym";
				ENABLE_NS_ASSERTIONS = NO;
				ENABLE_STRICT_OBJC_MSGSEND = YES;
				GCC_C_LANGUAGE_STANDARD = gnu99;
				GCC_NO_COMMON_BLOCKS = YES;
				GCC_WARN_64_TO_32_BIT_CONVERSION = YES;
				GCC_WARN_ABOUT_RETURN_TYPE = YES_ERROR;
				GCC_WARN_UNDECLARED_SELECTOR = YES;
				GCC_WARN_UNINITIALIZED_AUTOS = YES_AGGRESSIVE;
				GCC_WARN_UNUSED_FUNCTION = YES;
				GCC_WARN_UNUSED_VARIABLE = YES;
				IPHONEOS_DEPLOYMENT_TARGET = 11.0;
				MTL_ENABLE_DEBUG_INFO = NO;
				SDKROOT = iphoneos;
				SWIFT_OPTIMIZATION_LEVEL = "-Owholemodule";
				SWIFT_VERSION = 4.0;
				TARGETED_DEVICE_FAMILY = "1,2";
				VALIDATE_PRODUCT = YES;
			};
			name = Release;
		};
		728294501D8752A2009EB19A /* Debug */ = {
			isa = XCBuildConfiguration;
			buildSettings = {
				ASSETCATALOG_COMPILER_APPICON_NAME = AppIcon;
				INFOPLIST_FILE = CoreDataSerialize/Info.plist;
				LD_RUNPATH_SEARCH_PATHS = "$(inherited) @executable_path/Frameworks";
				PRODUCT_BUNDLE_IDENTIFIER = TouchBistro.CoreDataSerialize;
				PRODUCT_NAME = "$(TARGET_NAME)";
			};
			name = Debug;
		};
		728294511D8752A2009EB19A /* Release */ = {
			isa = XCBuildConfiguration;
			buildSettings = {
				ASSETCATALOG_COMPILER_APPICON_NAME = AppIcon;
				INFOPLIST_FILE = CoreDataSerialize/Info.plist;
				LD_RUNPATH_SEARCH_PATHS = "$(inherited) @executable_path/Frameworks";
				PRODUCT_BUNDLE_IDENTIFIER = TouchBistro.CoreDataSerialize;
				PRODUCT_NAME = "$(TARGET_NAME)";
			};
			name = Release;
		};
		728294531D8752A2009EB19A /* Debug */ = {
			isa = XCBuildConfiguration;
			buildSettings = {
				BUNDLE_LOADER = "$(TEST_HOST)";
				INFOPLIST_FILE = CoreDataSerializeTests/Info.plist;
				LD_RUNPATH_SEARCH_PATHS = "$(inherited) @executable_path/Frameworks @loader_path/Frameworks";
				PRODUCT_BUNDLE_IDENTIFIER = TouchBistro.CoreDataSerializeTests;
				PRODUCT_NAME = "$(TARGET_NAME)";
				TEST_HOST = "$(BUILT_PRODUCTS_DIR)/CoreDataSerialize.app/CoreDataSerialize";
			};
			name = Debug;
		};
		728294541D8752A2009EB19A /* Release */ = {
			isa = XCBuildConfiguration;
			buildSettings = {
				BUNDLE_LOADER = "$(TEST_HOST)";
				INFOPLIST_FILE = CoreDataSerializeTests/Info.plist;
				LD_RUNPATH_SEARCH_PATHS = "$(inherited) @executable_path/Frameworks @loader_path/Frameworks";
				PRODUCT_BUNDLE_IDENTIFIER = TouchBistro.CoreDataSerializeTests;
				PRODUCT_NAME = "$(TARGET_NAME)";
				TEST_HOST = "$(BUILT_PRODUCTS_DIR)/CoreDataSerialize.app/CoreDataSerialize";
			};
			name = Release;
		};
/* End XCBuildConfiguration section */

/* Begin XCConfigurationList section */
		7282942A1D8752A1009EB19A /* Build configuration list for PBXProject "CoreDataSerialize" */ = {
			isa = XCConfigurationList;
			buildConfigurations = (
				7282944D1D8752A2009EB19A /* Debug */,
				7282944E1D8752A2009EB19A /* Release */,
			);
			defaultConfigurationIsVisible = 0;
			defaultConfigurationName = Release;
		};
		7282944F1D8752A2009EB19A /* Build configuration list for PBXNativeTarget "CoreDataSerialize" */ = {
			isa = XCConfigurationList;
			buildConfigurations = (
				728294501D8752A2009EB19A /* Debug */,
				728294511D8752A2009EB19A /* Release */,
			);
			defaultConfigurationIsVisible = 0;
			defaultConfigurationName = Release;
		};
		728294521D8752A2009EB19A /* Build configuration list for PBXNativeTarget "CoreDataSerializeTests" */ = {
			isa = XCConfigurationList;
			buildConfigurations = (
				728294531D8752A2009EB19A /* Debug */,
				728294541D8752A2009EB19A /* Release */,
			);
			defaultConfigurationIsVisible = 0;
			defaultConfigurationName = Release;
		};
/* End XCConfigurationList section */

/* Begin XCVersionGroup section */
		728294391D8752A1009EB19A /* CoreDataSerialize.xcdatamodeld */ = {
			isa = XCVersionGroup;
			children = (
				7282943A1D8752A1009EB19A /* CoreDataSerialize.xcdatamodel */,
			);
			currentVersion = 7282943A1D8752A1009EB19A /* CoreDataSerialize.xcdatamodel */;
			path = CoreDataSerialize.xcdatamodeld;
			sourceTree = "<group>";
			versionGroupType = wrapper.xcdatamodel;
		};
/* End XCVersionGroup section */
	};
	rootObject = 728294271D8752A1009EB19A /* Project object */;
}
